github.com/go-test/deep v1.0.7 h1:/VSMRlnY/JSyqxQUzQLKVMAskpY/NZKFA5j2P+0pP2M=
github.com/go-test/deep v1.0.7/go.mod h1:QV8Hv/iy04NyLBxAdO9njL0iVPN1S4d/A3NVv1V36o8=
github.com/kylelemons/godebug v1.1.0 h1:RPNrshWIDI6G2gRW9EHilWtl7Z6Sb1BR0xunSBf0SNc=
github.com/kylelemons/godebug v1.1.0/go.mod h1:9/0rRGxNHcop5bhtWyNeEfOS8JIWk580+fNqagV/RAw=
github.com/tmaxmax/hub v0.1.0 h1:sOrI8+ygzbZc/7kHXg3VpwpQPtQHV4n2utCIWmWjEaA=
github.com/tmaxmax/hub v0.1.0/go.mod h1:dv6uY/T9VJrw5Ieb4fjpkzott28/tS9SwbjzppC7yw0=
